
Microsoft Visual Studio Solution File, Format Version 12.00
# Visual Studio Version 16
VisualStudioVersion = 16.0.30717.126
MinimumVisualStudioVersion = 10.0.40219.1
Project("{FAE04EC0-301F-11D3-BF4B-00C04F79EFBC}") = "AutoSchool", "AutoSchool\AutoSchool.csproj", "{AC38D75F-6A0C-47CD-A9AF-B8530CC7BE02}"
EndProject
Global
	GlobalSection(SolutionConfigurationPlatforms) = preSolution
		Debug|Any CPU = Debug|Any CPU
		Release|Any CPU = Release|Any CPU
	EndGlobalSection
	GlobalSection(ProjectConfigurationPlatforms) = postSolution
		{AC38D75F-6A0C-47CD-A9AF-B8530CC7BE02}.Debug|Any CPU.ActiveCfg = Debug|Any CPU
		{AC38D75F-6A0C-47CD-A9AF-B8530CC7BE02}.Debug|Any CPU.Build.0 = Debug|Any CPU
		{AC38D75F-6A0C-47CD-A9AF-B8530CC7BE02}.Release|Any CPU.ActiveCfg = Release|Any CPU
		{AC38D75F-6A0C-47CD-A9AF-B8530CC7BE02}.Release|Any CPU.Build.0 = Release|Any CPU
	EndGlobalSection
	GlobalSection(SolutionProperties) = preSolution
		HideSolutionNode = FALSE
	EndGlobalSection
	GlobalSection(ExtensibilityGlobals) = postSolution
		SolutionGuid = {6C222860-0683-4F13-A2E5-E3B5845177AA}
	EndGlobalSection
EndGlobal
